
Microsoft Visual Studio Solution File, Format Version 12.00
# Visual Studio Version 17
VisualStudioVersion = 17.14.36518.9 d17.14
MinimumVisualStudioVersion = 10.0.40219.1
Project("{FAE04EC0-301F-11D3-BF4B-00C04F79EFBC}") = "HelloWorld", "HelloWorld\HelloWorld.csproj", "{DCD8EA59-84A4-46DE-8AF0-EED1C036EADB}"
EndProject
Global
	GlobalSection(SolutionConfigurationPlatforms) = preSolution
		Debug|Any CPU = Debug|Any CPU
		Release|Any CPU = Release|Any CPU
	EndGlobalSection
	GlobalSection(ProjectConfigurationPlatforms) = postSolution
		{DCD8EA59-84A4-46DE-8AF0-EED1C036EADB}.Debug|Any CPU.ActiveCfg = Debug|Any CPU
		{DCD8EA59-84A4-46DE-8AF0-EED1C036EADB}.Debug|Any CPU.Build.0 = Debug|Any CPU
		{DCD8EA59-84A4-46DE-8AF0-EED1C036EADB}.Release|Any CPU.ActiveCfg = Release|Any CPU
		{DCD8EA59-84A4-46DE-8AF0-EED1C036EADB}.Release|Any CPU.Build.0 = Release|Any CPU
	EndGlobalSection
	GlobalSection(SolutionProperties) = preSolution
		HideSolutionNode = FALSE
	EndGlobalSection
	GlobalSection(ExtensibilityGlobals) = postSolution
		SolutionGuid = {811A769E-0302-4291-B431-C9B9981B451F}
	EndGlobalSection
EndGlobal
